// !$*UTF8*$!
{
	archiveVersion = 1;
	classes = {
	};
	objectVersion = 46;
	objects = {

/* Begin PBXBuildFile section */
		181C8F1619FC11F200B822BC /* AppDelegate.swift in Sources */ = {isa = PBXBuildFile; fileRef = 181C8F1519FC11F200B822BC /* AppDelegate.swift */; };
		181C8F1819FC11F200B822BC /* ViewController.swift in Sources */ = {isa = PBXBuildFile; fileRef = 181C8F1719FC11F200B822BC /* ViewController.swift */; };
		181C8F1B19FC11F200B822BC /* Main.storyboard in Resources */ = {isa = PBXBuildFile; fileRef = 181C8F1919FC11F200B822BC /* Main.storyboard */; };
		181C8F1D19FC11F200B822BC /* Images.xcassets in Resources */ = {isa = PBXBuildFile; fileRef = 181C8F1C19FC11F200B822BC /* Images.xcassets */; };
		181C8F2019FC11F200B822BC /* LaunchScreen.xib in Resources */ = {isa = PBXBuildFile; fileRef = 181C8F1E19FC11F200B822BC /* LaunchScreen.xib */; };
		181C8F2C19FC11F200B822BC /* PostcardTests.swift in Sources */ = {isa = PBXBuildFile; fileRef = 181C8F2B19FC11F200B822BC /* PostcardTests.swift */; };
/* End PBXBuildFile section */

/* Begin PBXContainerItemProxy section */
		181C8F2619FC11F200B822BC /* PBXContainerItemProxy */ = {
			isa = PBXContainerItemProxy;
			containerPortal = 181C8F0819FC11F200B822BC /* Project object */;
			proxyType = 1;
			remoteGlobalIDString = 181C8F0F19FC11F200B822BC;
			remoteInfo = Postcard;
		};
/* End PBXContainerItemProxy section */

/* Begin PBXFileReference section */
		181C8F1019FC11F200B822BC /* Postcard.app */ = {isa = PBXFileReference; explicitFileType = wrapper.application; includeInIndex = 0; path = Postcard.app; sourceTree = BUILT_PRODUCTS_DIR; };
		181C8F1419FC11F200B822BC /* Info.plist */ = {isa = PBXFileReference; lastKnownFileType = text.plist.xml; path = Info.plist; sourceTree = "<group>"; };
		181C8F1519FC11F200B822BC /* AppDelegate.swift */ = {isa = PBXFileReference; lastKnownFileType = sourcecode.swift; path = AppDelegate.swift; sourceTree = "<group>"; };
		181C8F1719FC11F200B822BC /* ViewController.swift */ = {isa = PBXFileReference; lastKnownFileType = sourcecode.swift; path = ViewController.swift; sourceTree = "<group>"; };
		181C8F1A19FC11F200B822BC /* Base */ = {isa = PBXFileReference; lastKnownFileType = file.storyboard; name = Base; path = Base.lproj/Main.storyboard; sourceTree = "<group>"; };
		181C8F1C19FC11F200B822BC /* Images.xcassets */ = {isa = PBXFileReference; lastKnownFileType = folder.assetcatalog; path = Images.xcassets; sourceTree = "<group>"; };
		181C8F1F19FC11F200B822BC /* Base */ = {isa = PBXFileReference; lastKnownFileType = file.xib; name = Base; path = Base.lproj/LaunchScreen.xib; sourceTree = "<group>"; };
		181C8F2519FC11F200B822BC /* PostcardTests.xctest */ = {isa = PBXFileReference; explicitFileType = wrapper.cfbundle; includeInIndex = 0; path = PostcardTests.xctest; sourceTree = BUILT_PRODUCTS_DIR; };
		181C8F2A19FC11F200B822BC /* Info.plist */ = {isa = PBXFileReference; lastKnownFileType = text.plist.xml; path = Info.plist; sourceTree = "<group>"; };
		181C8F2B19FC11F200B822BC /* PostcardTests.swift */ = {isa = PBXFileReference; lastKnownFileType = sourcecode.swift; path = PostcardTests.swift; sourceTree = "<group>"; };
/* End PBXFileReference section */

/* Begin PBXFrameworksBuildPhase section */
		181C8F0D19FC11F200B822BC /* Frameworks */ = {
			isa = PBXFrameworksBuildPhase;
			buildActionMask = 2147483647;
			files = (
			);
			runOnlyForDeploymentPostprocessing = 0;
		};
		181C8F2219FC11F200B822BC /* Frameworks */ = {
			isa = PBXFrameworksBuildPhase;
			buildActionMask = 2147483647;
			files = (
			);
			runOnlyForDeploymentPostprocessing = 0;
		};
/* End PBXFrameworksBuildPhase section */

/* Begin PBXGroup section */
		181C8F0719FC11F200B822BC = {
			isa = PBXGroup;
			children = (
				181C8F1219FC11F200B822BC /* Postcard */,
				181C8F2819FC11F200B822BC /* PostcardTests */,
				181C8F1119FC11F200B822BC /* Products */,
			);
			sourceTree = "<group>";
		};
		181C8F1119FC11F200B822BC /* Products */ = {
			isa = PBXGroup;
			children = (
				181C8F1019FC11F200B822BC /* Postcard.app */,
				181C8F2519FC11F200B822BC /* PostcardTests.xctest */,
			);
			name = Products;
			sourceTree = "<group>";
		};
		181C8F1219FC11F200B822BC /* Postcard */ = {
			isa = PBXGroup;
			children = (
				181C8F1519FC11F200B822BC /* AppDelegate.swift */,
				181C8F1719FC11F200B822BC /* ViewController.swift */,
				181C8F1919FC11F200B822BC /* Main.storyboard */,
				181C8F1C19FC11F200B822BC /* Images.xcassets */,
				181C8F1E19FC11F200B822BC /* LaunchScreen.xib */,
				181C8F1319FC11F200B822BC /* Supporting Files */,
			);
			path = Postcard;
			sourceTree = "<group>";
		};
		181C8F1319FC11F200B822BC /* Supporting Files */ = {
			isa = PBXGroup;
			children = (
				181C8F1419FC11F200B822BC /* Info.plist */,
			);
			name = "Supporting Files";
			sourceTree = "<group>";
		};
		181C8F2819FC11F200B822BC /* PostcardTests */ = {
			isa = PBXGroup;
			children = (
				181C8F2B19FC11F200B822BC /* PostcardTests.swift */,
				181C8F2919FC11F200B822BC /* Supporting Files */,
			);
			path = PostcardTests;
			sourceTree = "<group>";
		};
		181C8F2919FC11F200B822BC /* Supporting Files */ = {
			isa = PBXGroup;
			children = (
				181C8F2A19FC11F200B822BC /* Info.plist */,
			);
			name = "Supporting Files";
			sourceTree = "<group>";
		};
/* End PBXGroup section */

/* Begin PBXNativeTarget section */
		181C8F0F19FC11F200B822BC /* Postcard */ = {
			isa = PBXNativeTarget;
			buildConfigurationList = 181C8F2F19FC11F200B822BC /* Build configuration list for PBXNativeTarget "Postcard" */;
			buildPhases = (
				181C8F0C19FC11F200B822BC /* Sources */,
				181C8F0D19FC11F200B822BC /* Frameworks */,
				181C8F0E19FC11F200B822BC /* Resources */,
			);
			buildRules = (
			);
			dependencies = (
			);
			name = Postcard;
			productName = Postcard;
			productReference = 181C8F1019FC11F200B822BC /* Postcard.app */;
			productType = "com.apple.product-type.application";
		};
		181C8F2419FC11F200B822BC /* PostcardTests */ = {
			isa = PBXNativeTarget;
			buildConfigurationList = 181C8F3219FC11F200B822BC /* Build configuration list for PBXNativeTarget "PostcardTests" */;
			buildPhases = (
				181C8F2119FC11F200B822BC /* Sources */,
				181C8F2219FC11F200B822BC /* Frameworks */,
				181C8F2319FC11F200B822BC /* Resources */,
			);
			buildRules = (
			);
			dependencies = (
				181C8F2719FC11F200B822BC /* PBXTargetDependency */,
			);
			name = PostcardTests;
			productName = PostcardTests;
			productReference = 181C8F2519FC11F200B822BC /* PostcardTests.xctest */;
			productType = "com.apple.product-type.bundle.unit-test";
		};
/* End PBXNativeTarget section */

/* Begin PBXProject section */
		181C8F0819FC11F200B822BC /* Project object */ = {
			isa = PBXProject;
			attributes = {
				LastUpgradeCheck = 0610;
				ORGANIZATIONNAME = "Madan Vetcha";
				TargetAttributes = {
					181C8F0F19FC11F200B822BC = {
						CreatedOnToolsVersion = 6.1;
					};
					181C8F2419FC11F200B822BC = {
						CreatedOnToolsVersion = 6.1;
						TestTargetID = 181C8F0F19FC11F200B822BC;
					};
				};
			};
			buildConfigurationList = 181C8F0B19FC11F200B822BC /* Build configuration list for PBXProject "Postcard" */;
			compatibilityVersion = "Xcode 3.2";
			developmentRegion = English;
			hasScannedForEncodings = 0;
			knownRegions = (
				en,
				Base,
			);
			mainGroup = 181C8F0719FC11F200B822BC;
			productRefGroup = 181C8F1119FC11F200B822BC /* Products */;
			projectDirPath = "";
			projectRoot = "";
			targets = (
				181C8F0F19FC11F200B822BC /* Postcard */,
				181C8F2419FC11F200B822BC /* PostcardTests */,
			);
		};
/* End PBXProject section */

/* Begin PBXResourcesBuildPhase section */
		181C8F0E19FC11F200B822BC /* Resources */ = {
			isa = PBXResourcesBuildPhase;
			buildActionMask = 2147483647;
			files = (
				181C8F1B19FC11F200B822BC /* Main.storyboard in Resources */,
				181C8F2019FC11F200B822BC /* LaunchScreen.xib in Resources */,
				181C8F1D19FC11F200B822BC /* Images.xcassets in Resources */,
			);
			runOnlyForDeploymentPostprocessing = 0;
		};
		181C8F2319FC11F200B822BC /* Resources */ = {
			isa = PBXResourcesBuildPhase;
			buildActionMask = 2147483647;
			files = (
			);
			runOnlyForDeploymentPostprocessing = 0;
		};
/* End PBXResourcesBuildPhase section */

/* Begin PBXSourcesBuildPhase section */
		181C8F0C19FC11F200B822BC /* Sources */ = {
			isa = PBXSourcesBuildPhase;
			buildActionMask = 2147483647;
			files = (
				181C8F1819FC11F200B822BC /* ViewController.swift in Sources */,
				181C8F1619FC11F200B822BC /* AppDelegate.swift in Sources */,
			);
			runOnlyForDeploymentPostprocessing = 0;
		};
		181C8F2119FC11F200B822BC /* Sources */ = {
			isa = PBXSourcesBuildPhase;
			buildActionMask = 2147483647;
			files = (
				181C8F2C19FC11F200B822BC /* PostcardTests.swift in Sources */,
			);
			runOnlyForDeploymentPostprocessing = 0;
		};
/* End PBXSourcesBuildPhase section */

/* Begin PBXTargetDependency section */
		181C8F2719FC11F200B822BC /* PBXTargetDependency */ = {
			isa = PBXTargetDependency;
			target = 181C8F0F19FC11F200B822BC /* Postcard */;
			targetProxy = 181C8F2619FC11F200B822BC /* PBXContainerItemProxy */;
		};
/* End PBXTargetDependency section */

/* Begin PBXVariantGroup section */
		181C8F1919FC11F200B822BC /* Main.storyboard */ = {
			isa = PBXVariantGroup;
			children = (
				181C8F1A19FC11F200B822BC /* Base */,
			);
			name = Main.storyboard;
			sourceTree = "<group>";
		};
		181C8F1E19FC11F200B822BC /* LaunchScreen.xib */ = {
			isa = PBXVariantGroup;
			children = (
				181C8F1F19FC11F200B822BC /* Base */,
			);
			name = LaunchScreen.xib;
			sourceTree = "<group>";
		};
/* End PBXVariantGroup section */

/* Begin XCBuildConfiguration section */
		181C8F2D19FC11F200B822BC /* Debug */ = {
			isa = XCBuildConfiguration;
			buildSettings = {
				ALWAYS_SEARCH_USER_PATHS = NO;
				CLANG_CXX_LANGUAGE_STANDARD = "gnu++0x";
				CLANG_CXX_LIBRARY = "libc++";
				CLANG_ENABLE_MODULES = YES;
				CLANG_ENABLE_OBJC_ARC = YES;
				CLANG_WARN_BOOL_CONVERSION = YES;
				CLANG_WARN_CONSTANT_CONVERSION = YES;
				CLANG_WARN_DIRECT_OBJC_ISA_USAGE = YES_ERROR;
				CLANG_WARN_EMPTY_BODY = YES;
				CLANG_WARN_ENUM_CONVERSION = YES;
				CLANG_WARN_INT_CONVERSION = YES;
				CLANG_WARN_OBJC_ROOT_CLASS = YES_ERROR;
				CLANG_WARN_UNREACHABLE_CODE = YES;
				CLANG_WARN__DUPLICATE_METHOD_MATCH = YES;
				"CODE_SIGN_IDENTITY[sdk=iphoneos*]" = "iPhone Developer";
				COPY_PHASE_STRIP = NO;
				ENABLE_STRICT_OBJC_MSGSEND = YES;
				GCC_C_LANGUAGE_STANDARD = gnu99;
				GCC_DYNAMIC_NO_PIC = NO;
				GCC_OPTIMIZATION_LEVEL = 0;
				GCC_PREPROCESSOR_DEFINITIONS = (
					"DEBUG=1",
					"$(inherited)",
				);
				GCC_SYMBOLS_PRIVATE_EXTERN = NO;
				GCC_WARN_64_TO_32_BIT_CONVERSION = YES;
				GCC_WARN_ABOUT_RETURN_TYPE = YES_ERROR;
				GCC_WARN_UNDECLARED_SELECTOR = YES;
				GCC_WARN_UNINITIALIZED_AUTOS = YES_AGGRESSIVE;
				GCC_WARN_UNUSED_FUNCTION = YES;
				GCC_WARN_UNUSED_VARIABLE = YES;
				IPHONEOS_DEPLOYMENT_TARGET = 8.1;
				MTL_ENABLE_DEBUG_INFO = YES;
				ONLY_ACTIVE_ARCH = YES;
				SDKROOT = iphoneos;
				SWIFT_OPTIMIZATION_LEVEL = "-Onone";
				TARGETED_DEVICE_FAMILY = "1,2";
			};
			name = Debug;
		};
		181C8F2E19FC11F200B822BC /* Release */ = {
			isa = XCBuildConfiguration;
			buildSettings = {
				ALWAYS_SEARCH_USER_PATHS = NO;
				CLANG_CXX_LANGUAGE_STANDARD = "gnu++0x";
				CLANG_CXX_LIBRARY = "libc++";
				CLANG_ENABLE_MODULES = YES;
				CLANG_ENABLE_OBJC_ARC = YES;
				CLANG_WARN_BOOL_CONVERSION = YES;
				CLANG_WARN_CONSTANT_CONVERSION = YES;
				CLANG_WARN_DIRECT_OBJC_ISA_USAGE = YES_ERROR;
				CLANG_WARN_EMPTY_BODY = YES;
				CLANG_WARN_ENUM_CONVERSION = YES;
				CLANG_WARN_INT_CONVERSION = YES;
				CLANG_WARN_OBJC_ROOT_CLASS = YES_ERROR;
				CLANG_WARN_UNREACHABLE_CODE = YES;
				CLANG_WARN__DUPLICATE_METHOD_MATCH = YES;
				"CODE_SIGN_IDENTITY[sdk=iphoneos*]" = "iPhone Developer";
				COPY_PHASE_STRIP = YES;
				ENABLE_NS_ASSERTIONS = NO;
				ENABLE_STRICT_OBJC_MSGSEND = YES;
				GCC_C_LANGUAGE_STANDARD = gnu99;
				GCC_WARN_64_TO_32_BIT_CONVERSION = YES;
				GCC_WARN_ABOUT_RETURN_TYPE = YES_ERROR;
				GCC_WARN_UNDECLARED_SELECTOR = YES;
				GCC_WARN_UNINITIALIZED_AUTOS = YES_AGGRESSIVE;
				GCC_WARN_UNUSED_FUNCTION = YES;
				GCC_WARN_UNUSED_VARIABLE = YES;
				IPHONEOS_DEPLOYMENT_TARGET = 8.1;
				MTL_ENABLE_DEBUG_INFO = NO;
				SDKROOT = iphoneos;
				TARGETED_DEVICE_FAMILY = "1,2";
				VALIDATE_PRODUCT = YES;
			};
			name = Release;
		};
		181C8F3019FC11F200B822BC /* Debug */ = {
			isa = XCBuildConfiguration;
			buildSettings = {
				ASSETCATALOG_COMPILER_APPICON_NAME = AppIcon;
				INFOPLIST_FILE = Postcard/Info.plist;
				LD_RUNPATH_SEARCH_PATHS = "$(inherited) @executable_path/Frameworks";
				PRODUCT_NAME = "$(TARGET_NAME)";
			};
			name = Debug;
		};
		181C8F3119FC11F200B822BC /* Release */ = {
			isa = XCBuildConfiguration;
			buildSettings = {
				ASSETCATALOG_COMPILER_APPICON_NAME = AppIcon;
				INFOPLIST_FILE = Postcard/Info.plist;
				LD_RUNPATH_SEARCH_PATHS = "$(inherited) @executable_path/Frameworks";
				PRODUCT_NAME = "$(TARGET_NAME)";
			};
			name = Release;
		};
		181C8F3319FC11F200B822BC /* Debug */ = {
			isa = XCBuildConfiguration;
			buildSettings = {
				BUNDLE_LOADER = "$(TEST_HOST)";
				FRAMEWORK_SEARCH_PATHS = (
					"$(SDKROOT)/Developer/Library/Frameworks",
					"$(inherited)",
				);
				GCC_PREPROCESSOR_DEFINITIONS = (
					"DEBUG=1",
					"$(inherited)",
				);
				INFOPLIST_FILE = PostcardTests/Info.plist;
				LD_RUNPATH_SEARCH_PATHS = "$(inherited) @executable_path/Frameworks @loader_path/Frameworks";
				PRODUCT_NAME = "$(TARGET_NAME)";
				TEST_HOST = "$(BUILT_PRODUCTS_DIR)/Postcard.app/Postcard";
			};
			name = Debug;
		};
		181C8F3419FC11F200B822BC /* Release */ = {
			isa = XCBuildConfiguration;
			buildSettings = {
				BUNDLE_LOADER = "$(TEST_HOST)";
				FRAMEWORK_SEARCH_PATHS = (
					"$(SDKROOT)/Developer/Library/Frameworks",
					"$(inherited)",
				);
				INFOPLIST_FILE = PostcardTests/Info.plist;
				LD_RUNPATH_SEARCH_PATHS = "$(inherited) @executable_path/Frameworks @loader_path/Frameworks";
				PRODUCT_NAME = "$(TARGET_NAME)";
				TEST_HOST = "$(BUILT_PRODUCTS_DIR)/Postcard.app/Postcard";
			};
			name = Release;
		};
/* End XCBuildConfiguration section */

/* Begin XCConfigurationList section */
		181C8F0B19FC11F200B822BC /* Build configuration list for PBXProject "Postcard" */ = {
			isa = XCConfigurationList;
			buildConfigurations = (
				181C8F2D19FC11F200B822BC /* Debug */,
				181C8F2E19FC11F200B822BC /* Release */,
			);
			defaultConfigurationIsVisible = 0;
			defaultConfigurationName = Release;
		};
		181C8F2F19FC11F200B822BC /* Build configuration list for PBXNativeTarget "Postcard" */ = {
			isa = XCConfigurationList;
			buildConfigurations = (
				181C8F3019FC11F200B822BC /* Debug */,
				181C8F3119FC11F200B822BC /* Release */,
			);
			defaultConfigurationIsVisible = 0;
		};
		181C8F3219FC11F200B822BC /* Build configuration list for PBXNativeTarget "PostcardTests" */ = {
			isa = XCConfigurationList;
			buildConfigurations = (
				181C8F3319FC11F200B822BC /* Debug */,
				181C8F3419FC11F200B822BC /* Release */,
			);
			defaultConfigurationIsVisible = 0;
		};
/* End XCConfigurationList section */
	};
	rootObject = 181C8F0819FC11F200B822BC /* Project object */;
}
